
Microsoft Visual Studio Solution File, Format Version 12.00
# Visual Studio Version 16
VisualStudioVersion = 16.0.29911.84
MinimumVisualStudioVersion = 10.0.40219.1
Project("{FAE04EC0-301F-11D3-BF4B-00C04F79EFBC}") = "Other-Transcode-GUI", "Other-Transcode-GUI.csproj", "{B8DECC20-3FCD-4145-889C-F98DB8E17506}"
EndProject
Global
	GlobalSection(SolutionConfigurationPlatforms) = preSolution
		Debug|Any CPU = Debug|Any CPU
		Release|Any CPU = Release|Any CPU
	EndGlobalSection
	GlobalSection(ProjectConfigurationPlatforms) = postSolution
		{B8DECC20-3FCD-4145-889C-F98DB8E17506}.Debug|Any CPU.ActiveCfg = Debug|Any CPU
		{B8DECC20-3FCD-4145-889C-F98DB8E17506}.Debug|Any CPU.Build.0 = Debug|Any CPU
		{B8DECC20-3FCD-4145-889C-F98DB8E17506}.Release|Any CPU.ActiveCfg = Release|Any CPU
		{B8DECC20-3FCD-4145-889C-F98DB8E17506}.Release|Any CPU.Build.0 = Release|Any CPU
	EndGlobalSection
	GlobalSection(SolutionProperties) = preSolution
		HideSolutionNode = FALSE
	EndGlobalSection
	GlobalSection(ExtensibilityGlobals) = postSolution
		SolutionGuid = {AAC492B6-C2D6-4920-8FC7-B0CCF60EF9C1}
	EndGlobalSection
EndGlobal
